# This file is automatically @generated by Cargo.
# It is not intended for manual editing.
version = 3

[[package]]
name = "cache-padded"
version = "1.3.0"
source = "registry+https://github.com/rust-lang/crates.io-index"
checksum = "981520c98f422fcc584dc1a95c334e6953900b9106bc47a9839b81790009eb21"

[[package]]
name = "rtrb"
version = "0.2.3"
source = "registry+https://github.com/rust-lang/crates.io-index"
checksum = "99e704dd104faf2326a320140f70f0b736d607c1caa1b1748a6c568a79819109"
dependencies = [
 "cache-padded",
]

[[package]]
name = "stream-processing"
version = "0.1.0"
dependencies = [
 "rtrb",
]
